
Microsoft Visual Studio Solution File, Format Version 12.00
# Visual Studio Version 16
VisualStudioVersion = 16.0.29911.84
MinimumVisualStudioVersion = 10.0.40219.1
Project("{FAE04EC0-301F-11D3-BF4B-00C04F79EFBC}") = "DeleteFilesMostDeep", "DeleteFilesMostDeep\DeleteFilesMostDeep.csproj", "{1290C337-9E68-413B-8C93-C6DE3ACA9AE8}"
EndProject
Global
	GlobalSection(SolutionConfigurationPlatforms) = preSolution
		Debug|Any CPU = Debug|Any CPU
		Release|Any CPU = Release|Any CPU
	EndGlobalSection
	GlobalSection(ProjectConfigurationPlatforms) = postSolution
		{1290C337-9E68-413B-8C93-C6DE3ACA9AE8}.Debug|Any CPU.ActiveCfg = Debug|Any CPU
		{1290C337-9E68-413B-8C93-C6DE3ACA9AE8}.Debug|Any CPU.Build.0 = Debug|Any CPU
		{1290C337-9E68-413B-8C93-C6DE3ACA9AE8}.Release|Any CPU.ActiveCfg = Release|Any CPU
		{1290C337-9E68-413B-8C93-C6DE3ACA9AE8}.Release|Any CPU.Build.0 = Release|Any CPU
	EndGlobalSection
	GlobalSection(SolutionProperties) = preSolution
		HideSolutionNode = FALSE
	EndGlobalSection
	GlobalSection(ExtensibilityGlobals) = postSolution
		SolutionGuid = {6A85ECC1-A9C5-4532-BCA3-0B129C829764}
	EndGlobalSection
EndGlobal
